// !$*UTF8*$!
{
	archiveVersion = 1;
	classes = {
	};
	objectVersion = 45;
	objects = {

/* Begin PBXBuildFile section */
		1D3623260D0F684500981E51 /* LazyImagesAppDelegate.m in Sources */ = {isa = PBXBuildFile; fileRef = 1D3623250D0F684500981E51 /* LazyImagesAppDelegate.m */; };
		1D60589B0D05DD56006BFB54 /* main.m in Sources */ = {isa = PBXBuildFile; fileRef = 29B97316FDCFA39411CA2CEA /* main.m */; };
		1D60589F0D05DD5A006BFB54 /* Foundation.framework in Frameworks */ = {isa = PBXBuildFile; fileRef = 1D30AB110D05D00D00671497 /* Foundation.framework */; };
		1DF5F4E00D08C38300B7A737 /* UIKit.framework in Frameworks */ = {isa = PBXBuildFile; fileRef = 1DF5F4DF0D08C38300B7A737 /* UIKit.framework */; };
		2892E4100DC94CBA00A64D0F /* CoreGraphics.framework in Frameworks */ = {isa = PBXBuildFile; fileRef = 2892E40F0DC94CBA00A64D0F /* CoreGraphics.framework */; };
		28AD73600D9D9599002E5188 /* MainWindow.xib in Resources */ = {isa = PBXBuildFile; fileRef = 28AD735F0D9D9599002E5188 /* MainWindow.xib */; };
		28C286E10D94DF7D0034E888 /* TableViewController.m in Sources */ = {isa = PBXBuildFile; fileRef = 28C286E00D94DF7D0034E888 /* TableViewController.m */; };
		28F335F11007B36200424DE2 /* RootViewController.xib in Resources */ = {isa = PBXBuildFile; fileRef = 28F335F01007B36200424DE2 /* RootViewController.xib */; };
		FA78E35E125B3669007C14D6 /* FlickrReader.m in Sources */ = {isa = PBXBuildFile; fileRef = FA78E35D125B3669007C14D6 /* FlickrReader.m */; };
		FA78E361125B3791007C14D6 /* URLRequestBuilder.m in Sources */ = {isa = PBXBuildFile; fileRef = FA78E360125B3791007C14D6 /* URLRequestBuilder.m */; };
		FA78E3FD125B5DB7007C14D6 /* FlickrPhoto.m in Sources */ = {isa = PBXBuildFile; fileRef = FA78E3FC125B5DB7007C14D6 /* FlickrPhoto.m */; };
		FA78E45A125B6696007C14D6 /* MiscHeler.m in Sources */ = {isa = PBXBuildFile; fileRef = FA78E459125B6696007C14D6 /* MiscHeler.m */; };
		FA78E525125B7A88007C14D6 /* Placeholder.png in Resources */ = {isa = PBXBuildFile; fileRef = FA78E524125B7A88007C14D6 /* Placeholder.png */; };
		FA78E53B125B7EE8007C14D6 /* DownloadHelper.m in Sources */ = {isa = PBXBuildFile; fileRef = FA78E53A125B7EE8007C14D6 /* DownloadHelper.m */; };
		FAB21287125CAC370082D283 /* DownloadableImage.m in Sources */ = {isa = PBXBuildFile; fileRef = FAB21286125CAC370082D283 /* DownloadableImage.m */; };
		FAB2128D125CACAC0082D283 /* DownloadableCell.m in Sources */ = {isa = PBXBuildFile; fileRef = FAB2128C125CACAC0082D283 /* DownloadableCell.m */; };
		FAB21524125D17420082D283 /* DetailsController.m in Sources */ = {isa = PBXBuildFile; fileRef = FAB21523125D17420082D283 /* DetailsController.m */; };
/* End PBXBuildFile section */

/* Begin PBXFileReference section */
		1D30AB110D05D00D00671497 /* Foundation.framework */ = {isa = PBXFileReference; lastKnownFileType = wrapper.framework; name = Foundation.framework; path = System/Library/Frameworks/Foundation.framework; sourceTree = SDKROOT; };
		1D3623240D0F684500981E51 /* LazyImagesAppDelegate.h */ = {isa = PBXFileReference; fileEncoding = 4; lastKnownFileType = sourcecode.c.h; path = LazyImagesAppDelegate.h; sourceTree = "<group>"; };
		1D3623250D0F684500981E51 /* LazyImagesAppDelegate.m */ = {isa = PBXFileReference; fileEncoding = 4; lastKnownFileType = sourcecode.c.objc; path = LazyImagesAppDelegate.m; sourceTree = "<group>"; };
		1D6058910D05DD3D006BFB54 /* LazyImages.app */ = {isa = PBXFileReference; explicitFileType = wrapper.application; includeInIndex = 0; path = LazyImages.app; sourceTree = BUILT_PRODUCTS_DIR; };
		1DF5F4DF0D08C38300B7A737 /* UIKit.framework */ = {isa = PBXFileReference; lastKnownFileType = wrapper.framework; name = UIKit.framework; path = System/Library/Frameworks/UIKit.framework; sourceTree = SDKROOT; };
		2892E40F0DC94CBA00A64D0F /* CoreGraphics.framework */ = {isa = PBXFileReference; lastKnownFileType = wrapper.framework; name = CoreGraphics.framework; path = System/Library/Frameworks/CoreGraphics.framework; sourceTree = SDKROOT; };
		28A0AAE50D9B0CCF005BE974 /* LazyImages_Prefix.pch */ = {isa = PBXFileReference; fileEncoding = 4; lastKnownFileType = sourcecode.c.h; path = LazyImages_Prefix.pch; sourceTree = "<group>"; };
		28AD735F0D9D9599002E5188 /* MainWindow.xib */ = {isa = PBXFileReference; lastKnownFileType = file.xib; path = MainWindow.xib; sourceTree = "<group>"; };
		28C286DF0D94DF7D0034E888 /* TableViewController.h */ = {isa = PBXFileReference; fileEncoding = 4; lastKnownFileType = sourcecode.c.h; path = TableViewController.h; sourceTree = "<group>"; };
		28C286E00D94DF7D0034E888 /* TableViewController.m */ = {isa = PBXFileReference; fileEncoding = 4; lastKnownFileType = sourcecode.c.objc; path = TableViewController.m; sourceTree = "<group>"; };
		28F335F01007B36200424DE2 /* RootViewController.xib */ = {isa = PBXFileReference; lastKnownFileType = file.xib; path = RootViewController.xib; sourceTree = "<group>"; };
		29B97316FDCFA39411CA2CEA /* main.m */ = {isa = PBXFileReference; fileEncoding = 4; lastKnownFileType = sourcecode.c.objc; path = main.m; sourceTree = "<group>"; };
		8D1107310486CEB800E47090 /* LazyImages-Info.plist */ = {isa = PBXFileReference; fileEncoding = 4; lastKnownFileType = text.plist.xml; path = "LazyImages-Info.plist"; plistStructureDefinitionIdentifier = "com.apple.xcode.plist.structure-definition.iphone.info-plist"; sourceTree = "<group>"; };
		FA78E35C125B3669007C14D6 /* FlickrReader.h */ = {isa = PBXFileReference; fileEncoding = 4; lastKnownFileType = sourcecode.c.h; path = FlickrReader.h; sourceTree = "<group>"; };
		FA78E35D125B3669007C14D6 /* FlickrReader.m */ = {isa = PBXFileReference; fileEncoding = 4; lastKnownFileType = sourcecode.c.objc; path = FlickrReader.m; sourceTree = "<group>"; };
		FA78E35F125B3791007C14D6 /* URLRequestBuilder.h */ = {isa = PBXFileReference; fileEncoding = 4; lastKnownFileType = sourcecode.c.h; path = URLRequestBuilder.h; sourceTree = "<group>"; };
		FA78E360125B3791007C14D6 /* URLRequestBuilder.m */ = {isa = PBXFileReference; fileEncoding = 4; lastKnownFileType = sourcecode.c.objc; path = URLRequestBuilder.m; sourceTree = "<group>"; };
		FA78E3FB125B5DB7007C14D6 /* FlickrPhoto.h */ = {isa = PBXFileReference; fileEncoding = 4; lastKnownFileType = sourcecode.c.h; path = FlickrPhoto.h; sourceTree = "<group>"; };
		FA78E3FC125B5DB7007C14D6 /* FlickrPhoto.m */ = {isa = PBXFileReference; fileEncoding = 4; lastKnownFileType = sourcecode.c.objc; path = FlickrPhoto.m; sourceTree = "<group>"; };
		FA78E458125B6696007C14D6 /* MiscHeler.h */ = {isa = PBXFileReference; fileEncoding = 4; lastKnownFileType = sourcecode.c.h; path = MiscHeler.h; sourceTree = "<group>"; };
		FA78E459125B6696007C14D6 /* MiscHeler.m */ = {isa = PBXFileReference; fileEncoding = 4; lastKnownFileType = sourcecode.c.objc; path = MiscHeler.m; sourceTree = "<group>"; };
		FA78E524125B7A88007C14D6 /* Placeholder.png */ = {isa = PBXFileReference; lastKnownFileType = image.png; path = Placeholder.png; sourceTree = "<group>"; };
		FA78E539125B7EE8007C14D6 /* DownloadHelper.h */ = {isa = PBXFileReference; fileEncoding = 4; lastKnownFileType = sourcecode.c.h; path = DownloadHelper.h; sourceTree = "<group>"; };
		FA78E53A125B7EE8007C14D6 /* DownloadHelper.m */ = {isa = PBXFileReference; fileEncoding = 4; lastKnownFileType = sourcecode.c.objc; path = DownloadHelper.m; sourceTree = "<group>"; };
		FAB21285125CAC370082D283 /* DownloadableImage.h */ = {isa = PBXFileReference; fileEncoding = 4; lastKnownFileType = sourcecode.c.h; path = DownloadableImage.h; sourceTree = "<group>"; };
		FAB21286125CAC370082D283 /* DownloadableImage.m */ = {isa = PBXFileReference; fileEncoding = 4; lastKnownFileType = sourcecode.c.objc; path = DownloadableImage.m; sourceTree = "<group>"; };
		FAB2128B125CACAC0082D283 /* DownloadableCell.h */ = {isa = PBXFileReference; fileEncoding = 4; lastKnownFileType = sourcecode.c.h; path = DownloadableCell.h; sourceTree = "<group>"; };
		FAB2128C125CACAC0082D283 /* DownloadableCell.m */ = {isa = PBXFileReference; fileEncoding = 4; lastKnownFileType = sourcecode.c.objc; path = DownloadableCell.m; sourceTree = "<group>"; };
		FAB21522125D17420082D283 /* DetailsController.h */ = {isa = PBXFileReference; fileEncoding = 4; lastKnownFileType = sourcecode.c.h; path = DetailsController.h; sourceTree = "<group>"; };
		FAB21523125D17420082D283 /* DetailsController.m */ = {isa = PBXFileReference; fileEncoding = 4; lastKnownFileType = sourcecode.c.objc; path = DetailsController.m; sourceTree = "<group>"; };
/* End PBXFileReference section */

/* Begin PBXFrameworksBuildPhase section */
		1D60588F0D05DD3D006BFB54 /* Frameworks */ = {
			isa = PBXFrameworksBuildPhase;
			buildActionMask = 2147483647;
			files = (
				1D60589F0D05DD5A006BFB54 /* Foundation.framework in Frameworks */,
				1DF5F4E00D08C38300B7A737 /* UIKit.framework in Frameworks */,
				2892E4100DC94CBA00A64D0F /* CoreGraphics.framework in Frameworks */,
			);
			runOnlyForDeploymentPostprocessing = 0;
		};
/* End PBXFrameworksBuildPhase section */

/* Begin PBXGroup section */
		080E96DDFE201D6D7F000001 /* Classes */ = {
			isa = PBXGroup;
			children = (
				FA78E3FE125B5DBE007C14D6 /* Models */,
				FA78E363125B37AA007C14D6 /* Controllers */,
				FA78E362125B3797007C14D6 /* Helpers */,
				FAB2128A125CAC840082D283 /* Views */,
				1D3623240D0F684500981E51 /* LazyImagesAppDelegate.h */,
				1D3623250D0F684500981E51 /* LazyImagesAppDelegate.m */,
			);
			path = Classes;
			sourceTree = "<group>";
		};
		19C28FACFE9D520D11CA2CBB /* Products */ = {
			isa = PBXGroup;
			children = (
				1D6058910D05DD3D006BFB54 /* LazyImages.app */,
			);
			name = Products;
			sourceTree = "<group>";
		};
		29B97314FDCFA39411CA2CEA /* CustomTemplate */ = {
			isa = PBXGroup;
			children = (
				080E96DDFE201D6D7F000001 /* Classes */,
				29B97315FDCFA39411CA2CEA /* Other Sources */,
				29B97317FDCFA39411CA2CEA /* Resources */,
				29B97323FDCFA39411CA2CEA /* Frameworks */,
				19C28FACFE9D520D11CA2CBB /* Products */,
			);
			name = CustomTemplate;
			sourceTree = "<group>";
		};
		29B97315FDCFA39411CA2CEA /* Other Sources */ = {
			isa = PBXGroup;
			children = (
				28A0AAE50D9B0CCF005BE974 /* LazyImages_Prefix.pch */,
				29B97316FDCFA39411CA2CEA /* main.m */,
			);
			name = "Other Sources";
			sourceTree = "<group>";
		};
		29B97317FDCFA39411CA2CEA /* Resources */ = {
			isa = PBXGroup;
			children = (
				FA78E524125B7A88007C14D6 /* Placeholder.png */,
				28F335F01007B36200424DE2 /* RootViewController.xib */,
				28AD735F0D9D9599002E5188 /* MainWindow.xib */,
				8D1107310486CEB800E47090 /* LazyImages-Info.plist */,
			);
			name = Resources;
			sourceTree = "<group>";
		};
		29B97323FDCFA39411CA2CEA /* Frameworks */ = {
			isa = PBXGroup;
			children = (
				1DF5F4DF0D08C38300B7A737 /* UIKit.framework */,
				1D30AB110D05D00D00671497 /* Foundation.framework */,
				2892E40F0DC94CBA00A64D0F /* CoreGraphics.framework */,
			);
			name = Frameworks;
			sourceTree = "<group>";
		};
		FA78E362125B3797007C14D6 /* Helpers */ = {
			isa = PBXGroup;
			children = (
				FA78E35C125B3669007C14D6 /* FlickrReader.h */,
				FA78E35D125B3669007C14D6 /* FlickrReader.m */,
				FA78E35F125B3791007C14D6 /* URLRequestBuilder.h */,
				FA78E360125B3791007C14D6 /* URLRequestBuilder.m */,
				FA78E458125B6696007C14D6 /* MiscHeler.h */,
				FA78E459125B6696007C14D6 /* MiscHeler.m */,
				FA78E539125B7EE8007C14D6 /* DownloadHelper.h */,
				FA78E53A125B7EE8007C14D6 /* DownloadHelper.m */,
			);
			name = Helpers;
			sourceTree = "<group>";
		};
		FA78E363125B37AA007C14D6 /* Controllers */ = {
			isa = PBXGroup;
			children = (
				28C286DF0D94DF7D0034E888 /* TableViewController.h */,
				28C286E00D94DF7D0034E888 /* TableViewController.m */,
				FAB21522125D17420082D283 /* DetailsController.h */,
				FAB21523125D17420082D283 /* DetailsController.m */,
			);
			name = Controllers;
			sourceTree = "<group>";
		};
		FA78E3FE125B5DBE007C14D6 /* Models */ = {
			isa = PBXGroup;
			children = (
				FA78E3FB125B5DB7007C14D6 /* FlickrPhoto.h */,
				FA78E3FC125B5DB7007C14D6 /* FlickrPhoto.m */,
				FAB21285125CAC370082D283 /* DownloadableImage.h */,
				FAB21286125CAC370082D283 /* DownloadableImage.m */,
			);
			name = Models;
			sourceTree = "<group>";
		};
		FAB2128A125CAC840082D283 /* Views */ = {
			isa = PBXGroup;
			children = (
				FAB2128B125CACAC0082D283 /* DownloadableCell.h */,
				FAB2128C125CACAC0082D283 /* DownloadableCell.m */,
			);
			name = Views;
			sourceTree = "<group>";
		};
/* End PBXGroup section */

/* Begin PBXNativeTarget section */
		1D6058900D05DD3D006BFB54 /* LazyImages */ = {
			isa = PBXNativeTarget;
			buildConfigurationList = 1D6058960D05DD3E006BFB54 /* Build configuration list for PBXNativeTarget "LazyImages" */;
			buildPhases = (
				1D60588D0D05DD3D006BFB54 /* Resources */,
				1D60588E0D05DD3D006BFB54 /* Sources */,
				1D60588F0D05DD3D006BFB54 /* Frameworks */,
			);
			buildRules = (
			);
			dependencies = (
			);
			name = LazyImages;
			productName = LazyImages;
			productReference = 1D6058910D05DD3D006BFB54 /* LazyImages.app */;
			productType = "com.apple.product-type.application";
		};
/* End PBXNativeTarget section */

/* Begin PBXProject section */
		29B97313FDCFA39411CA2CEA /* Project object */ = {
			isa = PBXProject;
			buildConfigurationList = C01FCF4E08A954540054247B /* Build configuration list for PBXProject "LazyImages" */;
			compatibilityVersion = "Xcode 3.1";
			hasScannedForEncodings = 1;
			knownRegions = (
				English,
				Japanese,
				French,
				German,
				en,
			);
			mainGroup = 29B97314FDCFA39411CA2CEA /* CustomTemplate */;
			projectDirPath = "";
			projectRoot = "";
			targets = (
				1D6058900D05DD3D006BFB54 /* LazyImages */,
			);
		};
/* End PBXProject section */

/* Begin PBXResourcesBuildPhase section */
		1D60588D0D05DD3D006BFB54 /* Resources */ = {
			isa = PBXResourcesBuildPhase;
			buildActionMask = 2147483647;
			files = (
				28AD73600D9D9599002E5188 /* MainWindow.xib in Resources */,
				28F335F11007B36200424DE2 /* RootViewController.xib in Resources */,
				FA78E525125B7A88007C14D6 /* Placeholder.png in Resources */,
			);
			runOnlyForDeploymentPostprocessing = 0;
		};
/* End PBXResourcesBuildPhase section */

/* Begin PBXSourcesBuildPhase section */
		1D60588E0D05DD3D006BFB54 /* Sources */ = {
			isa = PBXSourcesBuildPhase;
			buildActionMask = 2147483647;
			files = (
				1D60589B0D05DD56006BFB54 /* main.m in Sources */,
				1D3623260D0F684500981E51 /* LazyImagesAppDelegate.m in Sources */,
				28C286E10D94DF7D0034E888 /* TableViewController.m in Sources */,
				FA78E35E125B3669007C14D6 /* FlickrReader.m in Sources */,
				FA78E361125B3791007C14D6 /* URLRequestBuilder.m in Sources */,
				FA78E3FD125B5DB7007C14D6 /* FlickrPhoto.m in Sources */,
				FA78E45A125B6696007C14D6 /* MiscHeler.m in Sources */,
				FA78E53B125B7EE8007C14D6 /* DownloadHelper.m in Sources */,
				FAB21287125CAC370082D283 /* DownloadableImage.m in Sources */,
				FAB2128D125CACAC0082D283 /* DownloadableCell.m in Sources */,
				FAB21524125D17420082D283 /* DetailsController.m in Sources */,
			);
			runOnlyForDeploymentPostprocessing = 0;
		};
/* End PBXSourcesBuildPhase section */

/* Begin XCBuildConfiguration section */
		1D6058940D05DD3E006BFB54 /* Debug */ = {
			isa = XCBuildConfiguration;
			buildSettings = {
				ALWAYS_SEARCH_USER_PATHS = NO;
				COPY_PHASE_STRIP = NO;
				GCC_DYNAMIC_NO_PIC = NO;
				GCC_OPTIMIZATION_LEVEL = 0;
				GCC_PRECOMPILE_PREFIX_HEADER = YES;
				GCC_PREFIX_HEADER = LazyImages_Prefix.pch;
				INFOPLIST_FILE = "LazyImages-Info.plist";
				PRODUCT_NAME = LazyImages;
			};
			name = Debug;
		};
		1D6058950D05DD3E006BFB54 /* Release */ = {
			isa = XCBuildConfiguration;
			buildSettings = {
				ALWAYS_SEARCH_USER_PATHS = NO;
				COPY_PHASE_STRIP = YES;
				GCC_PRECOMPILE_PREFIX_HEADER = YES;
				GCC_PREFIX_HEADER = LazyImages_Prefix.pch;
				INFOPLIST_FILE = "LazyImages-Info.plist";
				PRODUCT_NAME = LazyImages;
				VALIDATE_PRODUCT = YES;
			};
			name = Release;
		};
		C01FCF4F08A954540054247B /* Debug */ = {
			isa = XCBuildConfiguration;
			buildSettings = {
				ARCHS = "$(ARCHS_STANDARD_32_BIT)";
				"CODE_SIGN_IDENTITY[sdk=iphoneos*]" = "iPhone Developer";
				GCC_C_LANGUAGE_STANDARD = c99;
				GCC_WARN_ABOUT_RETURN_TYPE = YES;
				GCC_WARN_UNUSED_VARIABLE = YES;
				PREBINDING = NO;
				SDKROOT = iphoneos4.0;
			};
			name = Debug;
		};
		C01FCF5008A954540054247B /* Release */ = {
			isa = XCBuildConfiguration;
			buildSettings = {
				ARCHS = "$(ARCHS_STANDARD_32_BIT)";
				"CODE_SIGN_IDENTITY[sdk=iphoneos*]" = "iPhone Developer";
				GCC_C_LANGUAGE_STANDARD = c99;
				GCC_WARN_ABOUT_RETURN_TYPE = YES;
				GCC_WARN_UNUSED_VARIABLE = YES;
				OTHER_CFLAGS = "-DNS_BLOCK_ASSERTIONS=1";
				PREBINDING = NO;
				SDKROOT = iphoneos4.0;
			};
			name = Release;
		};
/* End XCBuildConfiguration section */

/* Begin XCConfigurationList section */
		1D6058960D05DD3E006BFB54 /* Build configuration list for PBXNativeTarget "LazyImages" */ = {
			isa = XCConfigurationList;
			buildConfigurations = (
				1D6058940D05DD3E006BFB54 /* Debug */,
				1D6058950D05DD3E006BFB54 /* Release */,
			);
			defaultConfigurationIsVisible = 0;
			defaultConfigurationName = Release;
		};
		C01FCF4E08A954540054247B /* Build configuration list for PBXProject "LazyImages" */ = {
			isa = XCConfigurationList;
			buildConfigurations = (
				C01FCF4F08A954540054247B /* Debug */,
				C01FCF5008A954540054247B /* Release */,
			);
			defaultConfigurationIsVisible = 0;
			defaultConfigurationName = Release;
		};
/* End XCConfigurationList section */
	};
	rootObject = 29B97313FDCFA39411CA2CEA /* Project object */;
}
